
Microsoft Visual Studio Solution File, Format Version 12.00
# Visual Studio 15
VisualStudioVersion = 15.0.28307.1062
MinimumVisualStudioVersion = 10.0.40219.1
Project("{FAE04EC0-301F-11D3-BF4B-00C04F79EFBC}") = "Functions_Arrays", "Functions_Arrays\Functions_Arrays.csproj", "{BB9514A2-D6DF-48A9-979D-5C7CAB20EA01}"
EndProject
Global
	GlobalSection(SolutionConfigurationPlatforms) = preSolution
		Debug|Any CPU = Debug|Any CPU
		Release|Any CPU = Release|Any CPU
	EndGlobalSection
	GlobalSection(ProjectConfigurationPlatforms) = postSolution
		{BB9514A2-D6DF-48A9-979D-5C7CAB20EA01}.Debug|Any CPU.ActiveCfg = Debug|Any CPU
		{BB9514A2-D6DF-48A9-979D-5C7CAB20EA01}.Debug|Any CPU.Build.0 = Debug|Any CPU
		{BB9514A2-D6DF-48A9-979D-5C7CAB20EA01}.Release|Any CPU.ActiveCfg = Release|Any CPU
		{BB9514A2-D6DF-48A9-979D-5C7CAB20EA01}.Release|Any CPU.Build.0 = Release|Any CPU
	EndGlobalSection
	GlobalSection(SolutionProperties) = preSolution
		HideSolutionNode = FALSE
	EndGlobalSection
	GlobalSection(ExtensibilityGlobals) = postSolution
		SolutionGuid = {0AC17220-4BCE-49AF-806B-87859927FAB1}
	EndGlobalSection
EndGlobal
