
Microsoft Visual Studio Solution File, Format Version 12.00
# Visual Studio 15
VisualStudioVersion = 15.0.28307.1062
MinimumVisualStudioVersion = 10.0.40219.1
Project("{FAE04EC0-301F-11D3-BF4B-00C04F79EFBC}") = "Linq_Example1", "Linq_Example1\Linq_Example1.csproj", "{CDA222DB-656D-45E8-8107-D34D7C529CED}"
EndProject
Global
	GlobalSection(SolutionConfigurationPlatforms) = preSolution
		Debug|Any CPU = Debug|Any CPU
		Release|Any CPU = Release|Any CPU
	EndGlobalSection
	GlobalSection(ProjectConfigurationPlatforms) = postSolution
		{CDA222DB-656D-45E8-8107-D34D7C529CED}.Debug|Any CPU.ActiveCfg = Debug|Any CPU
		{CDA222DB-656D-45E8-8107-D34D7C529CED}.Debug|Any CPU.Build.0 = Debug|Any CPU
		{CDA222DB-656D-45E8-8107-D34D7C529CED}.Release|Any CPU.ActiveCfg = Release|Any CPU
		{CDA222DB-656D-45E8-8107-D34D7C529CED}.Release|Any CPU.Build.0 = Release|Any CPU
	EndGlobalSection
	GlobalSection(SolutionProperties) = preSolution
		HideSolutionNode = FALSE
	EndGlobalSection
	GlobalSection(ExtensibilityGlobals) = postSolution
		SolutionGuid = {BE6E0FEE-AE78-4102-A3A8-1190FFEFBB78}
	EndGlobalSection
EndGlobal
