
Microsoft Visual Studio Solution File, Format Version 12.00
# Visual Studio 15
VisualStudioVersion = 15.0.28307.1062
MinimumVisualStudioVersion = 10.0.40219.1
Project("{FAE04EC0-301F-11D3-BF4B-00C04F79EFBC}") = "Constructor_Example", "Constructor_Example\Constructor_Example.csproj", "{A2AA7312-3CDB-4FE7-967D-C05D3D741F32}"
EndProject
Global
	GlobalSection(SolutionConfigurationPlatforms) = preSolution
		Debug|Any CPU = Debug|Any CPU
		Release|Any CPU = Release|Any CPU
	EndGlobalSection
	GlobalSection(ProjectConfigurationPlatforms) = postSolution
		{A2AA7312-3CDB-4FE7-967D-C05D3D741F32}.Debug|Any CPU.ActiveCfg = Debug|Any CPU
		{A2AA7312-3CDB-4FE7-967D-C05D3D741F32}.Debug|Any CPU.Build.0 = Debug|Any CPU
		{A2AA7312-3CDB-4FE7-967D-C05D3D741F32}.Release|Any CPU.ActiveCfg = Release|Any CPU
		{A2AA7312-3CDB-4FE7-967D-C05D3D741F32}.Release|Any CPU.Build.0 = Release|Any CPU
	EndGlobalSection
	GlobalSection(SolutionProperties) = preSolution
		HideSolutionNode = FALSE
	EndGlobalSection
	GlobalSection(ExtensibilityGlobals) = postSolution
		SolutionGuid = {8F4725B3-A440-47A0-B465-2BB8613CD286}
	EndGlobalSection
EndGlobal
