
Microsoft Visual Studio Solution File, Format Version 12.00
# Visual Studio 15
VisualStudioVersion = 15.0.28307.1062
MinimumVisualStudioVersion = 10.0.40219.1
Project("{FAE04EC0-301F-11D3-BF4B-00C04F79EFBC}") = "Inheritance_Example", "Inheritance_Example\Inheritance_Example.csproj", "{BFE373A5-0BF4-4420-9DA6-714BFE99B6A2}"
EndProject
Global
	GlobalSection(SolutionConfigurationPlatforms) = preSolution
		Debug|Any CPU = Debug|Any CPU
		Release|Any CPU = Release|Any CPU
	EndGlobalSection
	GlobalSection(ProjectConfigurationPlatforms) = postSolution
		{BFE373A5-0BF4-4420-9DA6-714BFE99B6A2}.Debug|Any CPU.ActiveCfg = Debug|Any CPU
		{BFE373A5-0BF4-4420-9DA6-714BFE99B6A2}.Debug|Any CPU.Build.0 = Debug|Any CPU
		{BFE373A5-0BF4-4420-9DA6-714BFE99B6A2}.Release|Any CPU.ActiveCfg = Release|Any CPU
		{BFE373A5-0BF4-4420-9DA6-714BFE99B6A2}.Release|Any CPU.Build.0 = Release|Any CPU
	EndGlobalSection
	GlobalSection(SolutionProperties) = preSolution
		HideSolutionNode = FALSE
	EndGlobalSection
	GlobalSection(ExtensibilityGlobals) = postSolution
		SolutionGuid = {E15A3479-69E1-43F6-99E4-FF9F039A7882}
	EndGlobalSection
EndGlobal
